
Microsoft Visual Studio Solution File, Format Version 12.00
# Visual Studio 15
VisualStudioVersion = 15.0.27130.2020
MinimumVisualStudioVersion = 10.0.40219.1
Project("{9A19103F-16F7-4668-BE54-9A1E7A4F7556}") = "DiscordBot", "DallarBot\DiscordBot.csproj", "{4192C37D-C1FE-420B-8BD8-2A38E178C1D9}"
EndProject
Project("{9A19103F-16F7-4668-BE54-9A1E7A4F7556}") = "DallarClientService", "DallarDaemonClient\DallarClientService.csproj", "{9E523683-5531-4F7A-93A1-0EB02FF02054}"
EndProject
Project("{9A19103F-16F7-4668-BE54-9A1E7A4F7556}") = "TwitchBot", "TwitchBot\TwitchBot.csproj", "{F7270302-0216-49C6-820E-63A9C30C69A5}"
	ProjectSection(ProjectDependencies) = postProject
		{9E523683-5531-4F7A-93A1-0EB02FF02054} = {9E523683-5531-4F7A-93A1-0EB02FF02054}
	EndProjectSection
EndProject
Project("{9A19103F-16F7-4668-BE54-9A1E7A4F7556}") = "DallarCommon", "DallarSettings\DallarCommon.csproj", "{6FB1C919-9A05-46F9-8A0E-EBCCD77AD480}"
EndProject
Project("{2150E333-8FDC-42A3-9474-1A3956D46DE8}") = "Bots", "Bots", "{5D06A452-839D-4812-A19F-D08A2A9678E7}"
EndProject
Project("{2150E333-8FDC-42A3-9474-1A3956D46DE8}") = "Shared", "Shared", "{37E69240-277C-4BFD-A58A-020357AF9B7B}"
EndProject
Project("{9A19103F-16F7-4668-BE54-9A1E7A4F7556}") = "DallarBotServer", "BotWebTest\DallarBotServer.csproj", "{FAAADF6D-294B-4D8F-899A-41727182F2B7}"
EndProject
Project("{9A19103F-16F7-4668-BE54-9A1E7A4F7556}") = "DigitalPriceExchangeService", "DigitalPriceExchangeService\DigitalPriceExchangeService.csproj", "{E1843ED9-14EB-4DB7-B476-E5CCAC3FFB86}"
EndProject
Project("{FAE04EC0-301F-11D3-BF4B-00C04F79EFBC}") = "DallarFunServices", "DallarFunServices\DallarFunServices.csproj", "{693E53A0-A88B-4FBE-83D0-1120F03EE19D}"
EndProject
Global
	GlobalSection(SolutionConfigurationPlatforms) = preSolution
		Debug|Any CPU = Debug|Any CPU
		Release|Any CPU = Release|Any CPU
	EndGlobalSection
	GlobalSection(ProjectConfigurationPlatforms) = postSolution
		{4192C37D-C1FE-420B-8BD8-2A38E178C1D9}.Debug|Any CPU.ActiveCfg = Debug|Any CPU
		{4192C37D-C1FE-420B-8BD8-2A38E178C1D9}.Debug|Any CPU.Build.0 = Debug|Any CPU
		{4192C37D-C1FE-420B-8BD8-2A38E178C1D9}.Release|Any CPU.ActiveCfg = Release|Any CPU
		{4192C37D-C1FE-420B-8BD8-2A38E178C1D9}.Release|Any CPU.Build.0 = Release|Any CPU
		{9E523683-5531-4F7A-93A1-0EB02FF02054}.Debug|Any CPU.ActiveCfg = Debug|Any CPU
		{9E523683-5531-4F7A-93A1-0EB02FF02054}.Debug|Any CPU.Build.0 = Debug|Any CPU
		{9E523683-5531-4F7A-93A1-0EB02FF02054}.Release|Any CPU.ActiveCfg = Release|Any CPU
		{9E523683-5531-4F7A-93A1-0EB02FF02054}.Release|Any CPU.Build.0 = Release|Any CPU
		{F7270302-0216-49C6-820E-63A9C30C69A5}.Debug|Any CPU.ActiveCfg = Debug|Any CPU
		{F7270302-0216-49C6-820E-63A9C30C69A5}.Debug|Any CPU.Build.0 = Debug|Any CPU
		{F7270302-0216-49C6-820E-63A9C30C69A5}.Release|Any CPU.ActiveCfg = Release|Any CPU
		{F7270302-0216-49C6-820E-63A9C30C69A5}.Release|Any CPU.Build.0 = Release|Any CPU
		{6FB1C919-9A05-46F9-8A0E-EBCCD77AD480}.Debug|Any CPU.ActiveCfg = Debug|Any CPU
		{6FB1C919-9A05-46F9-8A0E-EBCCD77AD480}.Debug|Any CPU.Build.0 = Debug|Any CPU
		{6FB1C919-9A05-46F9-8A0E-EBCCD77AD480}.Release|Any CPU.ActiveCfg = Release|Any CPU
		{6FB1C919-9A05-46F9-8A0E-EBCCD77AD480}.Release|Any CPU.Build.0 = Release|Any CPU
		{FAAADF6D-294B-4D8F-899A-41727182F2B7}.Debug|Any CPU.ActiveCfg = Debug|Any CPU
		{FAAADF6D-294B-4D8F-899A-41727182F2B7}.Debug|Any CPU.Build.0 = Debug|Any CPU
		{FAAADF6D-294B-4D8F-899A-41727182F2B7}.Release|Any CPU.ActiveCfg = Release|Any CPU
		{FAAADF6D-294B-4D8F-899A-41727182F2B7}.Release|Any CPU.Build.0 = Release|Any CPU
		{E1843ED9-14EB-4DB7-B476-E5CCAC3FFB86}.Debug|Any CPU.ActiveCfg = Debug|Any CPU
		{E1843ED9-14EB-4DB7-B476-E5CCAC3FFB86}.Debug|Any CPU.Build.0 = Debug|Any CPU
		{E1843ED9-14EB-4DB7-B476-E5CCAC3FFB86}.Release|Any CPU.ActiveCfg = Release|Any CPU
		{E1843ED9-14EB-4DB7-B476-E5CCAC3FFB86}.Release|Any CPU.Build.0 = Release|Any CPU
		{693E53A0-A88B-4FBE-83D0-1120F03EE19D}.Debug|Any CPU.ActiveCfg = Debug|Any CPU
		{693E53A0-A88B-4FBE-83D0-1120F03EE19D}.Debug|Any CPU.Build.0 = Debug|Any CPU
		{693E53A0-A88B-4FBE-83D0-1120F03EE19D}.Release|Any CPU.ActiveCfg = Release|Any CPU
		{693E53A0-A88B-4FBE-83D0-1120F03EE19D}.Release|Any CPU.Build.0 = Release|Any CPU
	EndGlobalSection
	GlobalSection(SolutionProperties) = preSolution
		HideSolutionNode = FALSE
	EndGlobalSection
	GlobalSection(NestedProjects) = preSolution
		{4192C37D-C1FE-420B-8BD8-2A38E178C1D9} = {5D06A452-839D-4812-A19F-D08A2A9678E7}
		{9E523683-5531-4F7A-93A1-0EB02FF02054} = {37E69240-277C-4BFD-A58A-020357AF9B7B}
		{F7270302-0216-49C6-820E-63A9C30C69A5} = {5D06A452-839D-4812-A19F-D08A2A9678E7}
		{6FB1C919-9A05-46F9-8A0E-EBCCD77AD480} = {37E69240-277C-4BFD-A58A-020357AF9B7B}
		{FAAADF6D-294B-4D8F-899A-41727182F2B7} = {5D06A452-839D-4812-A19F-D08A2A9678E7}
		{E1843ED9-14EB-4DB7-B476-E5CCAC3FFB86} = {37E69240-277C-4BFD-A58A-020357AF9B7B}
		{693E53A0-A88B-4FBE-83D0-1120F03EE19D} = {37E69240-277C-4BFD-A58A-020357AF9B7B}
	EndGlobalSection
	GlobalSection(ExtensibilityGlobals) = postSolution
		SolutionGuid = {809599BD-9E99-4B86-8387-7ECCA46F4456}
	EndGlobalSection
EndGlobal
